<?xml version="1.0" encoding="UTF-8" standalone="yes" ?>
<CodeBlocks_project_file>
	<FileVersion major="1" minor="6" />
	<Project>
		<Option title="Tables" />
		<Option pch_mode="2" />
		<Option compiler="gcc" />
		<Option virtualFolders="Application\;Application\TableFile\;Cell\;Main Executable\;ValueConverter\;Enumerations\;Table\;Application\TablePrinter\;Application\TableFile\Parser\;" />
		<Build>
			<Target title="Debug">
				<Option output="bin/Debug/Tables" prefix_auto="1" extension_auto="1" />
				<Option object_output="obj/Debug/" />
				<Option type="1" />
				<Option compiler="gcc" />
				<Compiler>
					<Add option="-g" />
					<Add directory="D:/Programming/Tables/" />
				</Compiler>
				<Linker>
					<Add directory="D:/Programming/Tables/" />
				</Linker>
			</Target>
			<Target title="Release">
				<Option output="Tables" prefix_auto="1" extension_auto="1" />
				<Option object_output="obj/Release/" />
				<Option type="1" />
				<Option compiler="gcc" />
				<Compiler>
					<Add option="-O2" />
				</Compiler>
				<Linker>
					<Add option="-s" />
				</Linker>
			</Target>
		</Build>
		<Compiler>
			<Add option="-Wall" />
		</Compiler>
		<Unit filename="include/Application.h">
			<Option virtualFolder="Application/" />
		</Unit>
		<Unit filename="include/Cell.h">
			<Option virtualFolder="Cell/" />
		</Unit>
		<Unit filename="include/Parser.h">
			<Option virtualFolder="Application/TableFile/Parser/" />
		</Unit>
		<Unit filename="include/Table.h">
			<Option virtualFolder="Table/" />
		</Unit>
		<Unit filename="include/TableFile.h">
			<Option virtualFolder="Application/TableFile/" />
		</Unit>
		<Unit filename="include/TablePrinter.h">
			<Option virtualFolder="Application/TablePrinter/" />
		</Unit>
		<Unit filename="include/ValueConverter.h">
			<Option virtualFolder="ValueConverter/" />
		</Unit>
		<Unit filename="include/ValueTypeEnum.h">
			<Option virtualFolder="Enumerations/" />
		</Unit>
		<Unit filename="src/Cell.cpp">
			<Option virtualFolder="Cell/" />
		</Unit>
		<Unit filename="src/TEST.cpp">
			<Option virtualFolder="Main Executable/" />
		</Unit>
		<Unit filename="src/Table.cpp" />
		<Unit filename="src/ValueConverter.cpp">
			<Option virtualFolder="ValueConverter/" />
		</Unit>
		<Extensions>
			<code_completion />
			<envvars />
			<debugger />
			<lib_finder disable_auto="1" />
		</Extensions>
	</Project>
</CodeBlocks_project_file>
